
Microsoft Visual Studio Solution File, Format Version 12.00
# Visual Studio Version 16
VisualStudioVersion = 16.0.31410.357
MinimumVisualStudioVersion = 10.0.40219.1
Project("{8BC9CEB8-8B4A-11D0-8D11-00A0C91BC942}") = "Turn And Bounce", "Turn And Bounce.vcxproj", "{5334F8E9-ED45-40CC-A448-3D88F15E9389}"
EndProject
Global
	GlobalSection(SolutionConfigurationPlatforms) = preSolution
		Debug|Win32 = Debug|Win32
		Release|Win32 = Release|Win32
	EndGlobalSection
	GlobalSection(ProjectConfigurationPlatforms) = postSolution
		{5334F8E9-ED45-40CC-A448-3D88F15E9389}.Debug|Win32.ActiveCfg = Debug|Win32
		{5334F8E9-ED45-40CC-A448-3D88F15E9389}.Debug|Win32.Build.0 = Debug|Win32
		{5334F8E9-ED45-40CC-A448-3D88F15E9389}.Release|Win32.ActiveCfg = Release|Win32
		{5334F8E9-ED45-40CC-A448-3D88F15E9389}.Release|Win32.Build.0 = Release|Win32
	EndGlobalSection
	GlobalSection(SolutionProperties) = preSolution
		HideSolutionNode = FALSE
	EndGlobalSection
	GlobalSection(ExtensibilityGlobals) = postSolution
		SolutionGuid = {22A576BF-2626-413B-A259-AC443EFC9DE5}
	EndGlobalSection
EndGlobal
